
Microsoft Visual Studio Solution File, Format Version 12.00
# Visual Studio Version 17
VisualStudioVersion = 17.6.33723.286
MinimumVisualStudioVersion = 10.0.40219.1
Project("{FAE04EC0-301F-11D3-BF4B-00C04F79EFBC}") = "csharp-api", "csharp-api.csproj", "{D73BAAD3-C4A6-4C60-B90B-850E5A9413BB}"
EndProject
Global
	GlobalSection(SolutionConfigurationPlatforms) = preSolution
		Debug|Any CPU = Debug|Any CPU
		Release|Any CPU = Release|Any CPU
	EndGlobalSection
	GlobalSection(ProjectConfigurationPlatforms) = postSolution
		{D73BAAD3-C4A6-4C60-B90B-850E5A9413BB}.Debug|Any CPU.ActiveCfg = Debug|Any CPU
		{D73BAAD3-C4A6-4C60-B90B-850E5A9413BB}.Debug|Any CPU.Build.0 = Debug|Any CPU
		{D73BAAD3-C4A6-4C60-B90B-850E5A9413BB}.Release|Any CPU.ActiveCfg = Release|Any CPU
		{D73BAAD3-C4A6-4C60-B90B-850E5A9413BB}.Release|Any CPU.Build.0 = Release|Any CPU
	EndGlobalSection
	GlobalSection(SolutionProperties) = preSolution
		HideSolutionNode = FALSE
	EndGlobalSection
	GlobalSection(ExtensibilityGlobals) = postSolution
		SolutionGuid = {936C4DEF-0BD2-425C-856F-D9ECF8903F16}
	EndGlobalSection
EndGlobal
